
Microsoft Visual Studio Solution File, Format Version 12.00
# Visual Studio Version 16
VisualStudioVersion = 16.0.28729.10
MinimumVisualStudioVersion = 10.0.40219.1
Project("{FAE04EC0-301F-11D3-BF4B-00C04F79EFBC}") = "Coursework in Java", "Coursework in Java\Coursework in Java.csproj", "{85C45A99-9FD0-4D98-9B73-A3F4DFCA5172}"
EndProject
Project("{FAE04EC0-301F-11D3-BF4B-00C04F79EFBC}") = "Coursework in Java.Tests", "Coursework in Java.Tests\Coursework in Java.Tests.csproj", "{573F3C2A-7FA0-4BBB-A336-621F811C8CA5}"
EndProject
Global
	GlobalSection(SolutionConfigurationPlatforms) = preSolution
		Debug|Any CPU = Debug|Any CPU
		Release|Any CPU = Release|Any CPU
	EndGlobalSection
	GlobalSection(ProjectConfigurationPlatforms) = postSolution
		{85C45A99-9FD0-4D98-9B73-A3F4DFCA5172}.Debug|Any CPU.ActiveCfg = Debug|Any CPU
		{85C45A99-9FD0-4D98-9B73-A3F4DFCA5172}.Debug|Any CPU.Build.0 = Debug|Any CPU
		{85C45A99-9FD0-4D98-9B73-A3F4DFCA5172}.Release|Any CPU.ActiveCfg = Release|Any CPU
		{85C45A99-9FD0-4D98-9B73-A3F4DFCA5172}.Release|Any CPU.Build.0 = Release|Any CPU
		{573F3C2A-7FA0-4BBB-A336-621F811C8CA5}.Debug|Any CPU.ActiveCfg = Debug|Any CPU
		{573F3C2A-7FA0-4BBB-A336-621F811C8CA5}.Debug|Any CPU.Build.0 = Debug|Any CPU
		{573F3C2A-7FA0-4BBB-A336-621F811C8CA5}.Release|Any CPU.ActiveCfg = Release|Any CPU
		{573F3C2A-7FA0-4BBB-A336-621F811C8CA5}.Release|Any CPU.Build.0 = Release|Any CPU
	EndGlobalSection
	GlobalSection(SolutionProperties) = preSolution
		HideSolutionNode = FALSE
	EndGlobalSection
	GlobalSection(ExtensibilityGlobals) = postSolution
		SolutionGuid = {C0A1D61E-6221-4032-B257-9F5BBD090EFC}
	EndGlobalSection
EndGlobal
